
Microsoft Visual Studio Solution File, Format Version 12.00
# Visual Studio Version 16
VisualStudioVersion = 16.0.30523.141
MinimumVisualStudioVersion = 10.0.40219.1
Project("{FAE04EC0-301F-11D3-BF4B-00C04F79EFBC}") = "WebsiteBanHang", "WebsiteBanHang\WebsiteBanHang.csproj", "{F702E0D3-241F-48FC-BEC7-03AD3935CD52}"
EndProject
Global
	GlobalSection(SolutionConfigurationPlatforms) = preSolution
		Debug|Any CPU = Debug|Any CPU
		Release|Any CPU = Release|Any CPU
	EndGlobalSection
	GlobalSection(ProjectConfigurationPlatforms) = postSolution
		{F702E0D3-241F-48FC-BEC7-03AD3935CD52}.Debug|Any CPU.ActiveCfg = Debug|Any CPU
		{F702E0D3-241F-48FC-BEC7-03AD3935CD52}.Debug|Any CPU.Build.0 = Debug|Any CPU
		{F702E0D3-241F-48FC-BEC7-03AD3935CD52}.Release|Any CPU.ActiveCfg = Release|Any CPU
		{F702E0D3-241F-48FC-BEC7-03AD3935CD52}.Release|Any CPU.Build.0 = Release|Any CPU
	EndGlobalSection
	GlobalSection(SolutionProperties) = preSolution
		HideSolutionNode = FALSE
	EndGlobalSection
	GlobalSection(ExtensibilityGlobals) = postSolution
		SolutionGuid = {DBD8A21B-0C8C-4812-9A10-5D806CCDA06C}
	EndGlobalSection
EndGlobal
